
Microsoft Visual Studio Solution File, Format Version 12.00
# Visual Studio Version 17
VisualStudioVersion = 17.3.32901.215
MinimumVisualStudioVersion = 10.0.40219.1
Project("{FAE04EC0-301F-11D3-BF4B-00C04F79EFBC}") = "indirim-826", "indirim-826\indirim-826.csproj", "{A28CFDA3-53CE-4C21-A572-0B86C7CCA1E2}"
EndProject
Global
	GlobalSection(SolutionConfigurationPlatforms) = preSolution
		Debug|Any CPU = Debug|Any CPU
		Release|Any CPU = Release|Any CPU
	EndGlobalSection
	GlobalSection(ProjectConfigurationPlatforms) = postSolution
		{A28CFDA3-53CE-4C21-A572-0B86C7CCA1E2}.Debug|Any CPU.ActiveCfg = Debug|Any CPU
		{A28CFDA3-53CE-4C21-A572-0B86C7CCA1E2}.Debug|Any CPU.Build.0 = Debug|Any CPU
		{A28CFDA3-53CE-4C21-A572-0B86C7CCA1E2}.Release|Any CPU.ActiveCfg = Release|Any CPU
		{A28CFDA3-53CE-4C21-A572-0B86C7CCA1E2}.Release|Any CPU.Build.0 = Release|Any CPU
	EndGlobalSection
	GlobalSection(SolutionProperties) = preSolution
		HideSolutionNode = FALSE
	EndGlobalSection
	GlobalSection(ExtensibilityGlobals) = postSolution
		SolutionGuid = {A19E68A1-67BB-4890-80BA-87962EBA04CD}
	EndGlobalSection
EndGlobal
